
Microsoft Visual Studio Solution File, Format Version 12.00
# Visual Studio Version 17
VisualStudioVersion = 17.5.33424.131
MinimumVisualStudioVersion = 10.0.40219.1
Project("{FAE04EC0-301F-11D3-BF4B-00C04F79EFBC}") = "BookTracker.Android", "BookTracker\BookTracker.Android\BookTracker.Android.csproj", "{88BAB31A-5BF8-48A1-A75F-A2D22AC4102C}"
EndProject
Project("{FAE04EC0-301F-11D3-BF4B-00C04F79EFBC}") = "BookTracker.iOS", "BookTracker\BookTracker.iOS\BookTracker.iOS.csproj", "{A571E5E8-5E92-4BCB-B6DB-D361B4C0A20D}"
EndProject
Project("{FAE04EC0-301F-11D3-BF4B-00C04F79EFBC}") = "BookTracker", "BookTracker\BookTracker\BookTracker.csproj", "{E08B11F1-675D-4CEC-8255-CDB4A8257926}"
EndProject
Global
	GlobalSection(SolutionConfigurationPlatforms) = preSolution
		Debug|Any CPU = Debug|Any CPU
		Debug|iPhone = Debug|iPhone
		Debug|iPhoneSimulator = Debug|iPhoneSimulator
		Release|Any CPU = Release|Any CPU
		Release|iPhone = Release|iPhone
		Release|iPhoneSimulator = Release|iPhoneSimulator
	EndGlobalSection
	GlobalSection(ProjectConfigurationPlatforms) = postSolution
		{88BAB31A-5BF8-48A1-A75F-A2D22AC4102C}.Debug|Any CPU.ActiveCfg = Debug|Any CPU
		{88BAB31A-5BF8-48A1-A75F-A2D22AC4102C}.Debug|Any CPU.Build.0 = Debug|Any CPU
		{88BAB31A-5BF8-48A1-A75F-A2D22AC4102C}.Debug|Any CPU.Deploy.0 = Debug|Any CPU
		{88BAB31A-5BF8-48A1-A75F-A2D22AC4102C}.Debug|iPhone.ActiveCfg = Debug|Any CPU
		{88BAB31A-5BF8-48A1-A75F-A2D22AC4102C}.Debug|iPhone.Build.0 = Debug|Any CPU
		{88BAB31A-5BF8-48A1-A75F-A2D22AC4102C}.Debug|iPhone.Deploy.0 = Debug|Any CPU
		{88BAB31A-5BF8-48A1-A75F-A2D22AC4102C}.Debug|iPhoneSimulator.ActiveCfg = Debug|Any CPU
		{88BAB31A-5BF8-48A1-A75F-A2D22AC4102C}.Debug|iPhoneSimulator.Build.0 = Debug|Any CPU
		{88BAB31A-5BF8-48A1-A75F-A2D22AC4102C}.Debug|iPhoneSimulator.Deploy.0 = Debug|Any CPU
		{88BAB31A-5BF8-48A1-A75F-A2D22AC4102C}.Release|Any CPU.ActiveCfg = Release|Any CPU
		{88BAB31A-5BF8-48A1-A75F-A2D22AC4102C}.Release|Any CPU.Build.0 = Release|Any CPU
		{88BAB31A-5BF8-48A1-A75F-A2D22AC4102C}.Release|Any CPU.Deploy.0 = Release|Any CPU
		{88BAB31A-5BF8-48A1-A75F-A2D22AC4102C}.Release|iPhone.ActiveCfg = Release|Any CPU
		{88BAB31A-5BF8-48A1-A75F-A2D22AC4102C}.Release|iPhone.Build.0 = Release|Any CPU
		{88BAB31A-5BF8-48A1-A75F-A2D22AC4102C}.Release|iPhone.Deploy.0 = Release|Any CPU
		{88BAB31A-5BF8-48A1-A75F-A2D22AC4102C}.Release|iPhoneSimulator.ActiveCfg = Release|Any CPU
		{88BAB31A-5BF8-48A1-A75F-A2D22AC4102C}.Release|iPhoneSimulator.Build.0 = Release|Any CPU
		{88BAB31A-5BF8-48A1-A75F-A2D22AC4102C}.Release|iPhoneSimulator.Deploy.0 = Release|Any CPU
		{A571E5E8-5E92-4BCB-B6DB-D361B4C0A20D}.Debug|Any CPU.ActiveCfg = Debug|iPhone
		{A571E5E8-5E92-4BCB-B6DB-D361B4C0A20D}.Debug|Any CPU.Build.0 = Debug|iPhone
		{A571E5E8-5E92-4BCB-B6DB-D361B4C0A20D}.Debug|Any CPU.Deploy.0 = Debug|iPhone
		{A571E5E8-5E92-4BCB-B6DB-D361B4C0A20D}.Debug|iPhone.ActiveCfg = Debug|iPhone
		{A571E5E8-5E92-4BCB-B6DB-D361B4C0A20D}.Debug|iPhone.Build.0 = Debug|iPhone
		{A571E5E8-5E92-4BCB-B6DB-D361B4C0A20D}.Debug|iPhone.Deploy.0 = Debug|iPhone
		{A571E5E8-5E92-4BCB-B6DB-D361B4C0A20D}.Debug|iPhoneSimulator.ActiveCfg = Debug|iPhoneSimulator
		{A571E5E8-5E92-4BCB-B6DB-D361B4C0A20D}.Debug|iPhoneSimulator.Build.0 = Debug|iPhoneSimulator
		{A571E5E8-5E92-4BCB-B6DB-D361B4C0A20D}.Debug|iPhoneSimulator.Deploy.0 = Debug|iPhoneSimulator
		{A571E5E8-5E92-4BCB-B6DB-D361B4C0A20D}.Release|Any CPU.ActiveCfg = Release|iPhoneSimulator
		{A571E5E8-5E92-4BCB-B6DB-D361B4C0A20D}.Release|Any CPU.Build.0 = Release|iPhoneSimulator
		{A571E5E8-5E92-4BCB-B6DB-D361B4C0A20D}.Release|Any CPU.Deploy.0 = Release|iPhoneSimulator
		{A571E5E8-5E92-4BCB-B6DB-D361B4C0A20D}.Release|iPhone.ActiveCfg = Release|iPhone
		{A571E5E8-5E92-4BCB-B6DB-D361B4C0A20D}.Release|iPhone.Build.0 = Release|iPhone
		{A571E5E8-5E92-4BCB-B6DB-D361B4C0A20D}.Release|iPhone.Deploy.0 = Release|iPhone
		{A571E5E8-5E92-4BCB-B6DB-D361B4C0A20D}.Release|iPhoneSimulator.ActiveCfg = Release|iPhoneSimulator
		{A571E5E8-5E92-4BCB-B6DB-D361B4C0A20D}.Release|iPhoneSimulator.Build.0 = Release|iPhoneSimulator
		{A571E5E8-5E92-4BCB-B6DB-D361B4C0A20D}.Release|iPhoneSimulator.Deploy.0 = Release|iPhoneSimulator
		{E08B11F1-675D-4CEC-8255-CDB4A8257926}.Debug|Any CPU.ActiveCfg = Debug|Any CPU
		{E08B11F1-675D-4CEC-8255-CDB4A8257926}.Debug|Any CPU.Build.0 = Debug|Any CPU
		{E08B11F1-675D-4CEC-8255-CDB4A8257926}.Debug|Any CPU.Deploy.0 = Debug|Any CPU
		{E08B11F1-675D-4CEC-8255-CDB4A8257926}.Debug|iPhone.ActiveCfg = Debug|Any CPU
		{E08B11F1-675D-4CEC-8255-CDB4A8257926}.Debug|iPhone.Build.0 = Debug|Any CPU
		{E08B11F1-675D-4CEC-8255-CDB4A8257926}.Debug|iPhone.Deploy.0 = Debug|Any CPU
		{E08B11F1-675D-4CEC-8255-CDB4A8257926}.Debug|iPhoneSimulator.ActiveCfg = Debug|Any CPU
		{E08B11F1-675D-4CEC-8255-CDB4A8257926}.Debug|iPhoneSimulator.Build.0 = Debug|Any CPU
		{E08B11F1-675D-4CEC-8255-CDB4A8257926}.Debug|iPhoneSimulator.Deploy.0 = Debug|Any CPU
		{E08B11F1-675D-4CEC-8255-CDB4A8257926}.Release|Any CPU.ActiveCfg = Release|Any CPU
		{E08B11F1-675D-4CEC-8255-CDB4A8257926}.Release|Any CPU.Build.0 = Release|Any CPU
		{E08B11F1-675D-4CEC-8255-CDB4A8257926}.Release|Any CPU.Deploy.0 = Release|Any CPU
		{E08B11F1-675D-4CEC-8255-CDB4A8257926}.Release|iPhone.ActiveCfg = Release|Any CPU
		{E08B11F1-675D-4CEC-8255-CDB4A8257926}.Release|iPhone.Build.0 = Release|Any CPU
		{E08B11F1-675D-4CEC-8255-CDB4A8257926}.Release|iPhone.Deploy.0 = Release|Any CPU
		{E08B11F1-675D-4CEC-8255-CDB4A8257926}.Release|iPhoneSimulator.ActiveCfg = Release|Any CPU
		{E08B11F1-675D-4CEC-8255-CDB4A8257926}.Release|iPhoneSimulator.Build.0 = Release|Any CPU
		{E08B11F1-675D-4CEC-8255-CDB4A8257926}.Release|iPhoneSimulator.Deploy.0 = Release|Any CPU
	EndGlobalSection
	GlobalSection(SolutionProperties) = preSolution
		HideSolutionNode = FALSE
	EndGlobalSection
	GlobalSection(ExtensibilityGlobals) = postSolution
		SolutionGuid = {8CCB9AA9-B36E-43AB-9010-44780AB90EC8}
	EndGlobalSection
EndGlobal
